
Microsoft Visual Studio Solution File, Format Version 12.00
# Visual Studio 15
VisualStudioVersion = 15.0.27004.2005
MinimumVisualStudioVersion = 10.0.40219.1
Project("{FAE04EC0-301F-11D3-BF4B-00C04F79EFBC}") = "BE", "BE\BE.csproj", "{2561F6B7-5C46-47E5-BA9B-D82133341432}"
EndProject
Project("{FAE04EC0-301F-11D3-BF4B-00C04F79EFBC}") = "DAL", "DAL\DAL.csproj", "{8F5DE12E-276D-4BC1-AAC8-9EFD9F1E7523}"
EndProject
Project("{FAE04EC0-301F-11D3-BF4B-00C04F79EFBC}") = "DS", "DS\DS.csproj", "{7B69A62C-2EC3-4B6D-BF1D-03C842D998D4}"
EndProject
Project("{FAE04EC0-301F-11D3-BF4B-00C04F79EFBC}") = "BL", "BL\BL.csproj", "{349E7082-4CBA-47B9-9ECB-A3D8AAEF11F9}"
EndProject
Project("{FAE04EC0-301F-11D3-BF4B-00C04F79EFBC}") = "UI", "UI\UI.csproj", "{72B600C4-B68D-46F9-A4B2-44DA38FAFE4B}"
EndProject
Global
	GlobalSection(SolutionConfigurationPlatforms) = preSolution
		Debug|Any CPU = Debug|Any CPU
		Release|Any CPU = Release|Any CPU
	EndGlobalSection
	GlobalSection(ProjectConfigurationPlatforms) = postSolution
		{2561F6B7-5C46-47E5-BA9B-D82133341432}.Debug|Any CPU.ActiveCfg = Debug|Any CPU
		{2561F6B7-5C46-47E5-BA9B-D82133341432}.Debug|Any CPU.Build.0 = Debug|Any CPU
		{2561F6B7-5C46-47E5-BA9B-D82133341432}.Release|Any CPU.ActiveCfg = Release|Any CPU
		{2561F6B7-5C46-47E5-BA9B-D82133341432}.Release|Any CPU.Build.0 = Release|Any CPU
		{8F5DE12E-276D-4BC1-AAC8-9EFD9F1E7523}.Debug|Any CPU.ActiveCfg = Debug|Any CPU
		{8F5DE12E-276D-4BC1-AAC8-9EFD9F1E7523}.Debug|Any CPU.Build.0 = Debug|Any CPU
		{8F5DE12E-276D-4BC1-AAC8-9EFD9F1E7523}.Release|Any CPU.ActiveCfg = Release|Any CPU
		{8F5DE12E-276D-4BC1-AAC8-9EFD9F1E7523}.Release|Any CPU.Build.0 = Release|Any CPU
		{7B69A62C-2EC3-4B6D-BF1D-03C842D998D4}.Debug|Any CPU.ActiveCfg = Debug|Any CPU
		{7B69A62C-2EC3-4B6D-BF1D-03C842D998D4}.Debug|Any CPU.Build.0 = Debug|Any CPU
		{7B69A62C-2EC3-4B6D-BF1D-03C842D998D4}.Release|Any CPU.ActiveCfg = Release|Any CPU
		{7B69A62C-2EC3-4B6D-BF1D-03C842D998D4}.Release|Any CPU.Build.0 = Release|Any CPU
		{349E7082-4CBA-47B9-9ECB-A3D8AAEF11F9}.Debug|Any CPU.ActiveCfg = Debug|Any CPU
		{349E7082-4CBA-47B9-9ECB-A3D8AAEF11F9}.Debug|Any CPU.Build.0 = Debug|Any CPU
		{349E7082-4CBA-47B9-9ECB-A3D8AAEF11F9}.Release|Any CPU.ActiveCfg = Release|Any CPU
		{349E7082-4CBA-47B9-9ECB-A3D8AAEF11F9}.Release|Any CPU.Build.0 = Release|Any CPU
		{72B600C4-B68D-46F9-A4B2-44DA38FAFE4B}.Debug|Any CPU.ActiveCfg = Debug|Any CPU
		{72B600C4-B68D-46F9-A4B2-44DA38FAFE4B}.Debug|Any CPU.Build.0 = Debug|Any CPU
		{72B600C4-B68D-46F9-A4B2-44DA38FAFE4B}.Release|Any CPU.ActiveCfg = Release|Any CPU
		{72B600C4-B68D-46F9-A4B2-44DA38FAFE4B}.Release|Any CPU.Build.0 = Release|Any CPU
	EndGlobalSection
	GlobalSection(SolutionProperties) = preSolution
		HideSolutionNode = FALSE
	EndGlobalSection
	GlobalSection(ExtensibilityGlobals) = postSolution
		SolutionGuid = {F9E284D0-2B28-4274-91AD-9F5D86BACD61}
	EndGlobalSection
EndGlobal
